{
  "name": "iac33",
  "version": "0.2.0",
  "lockfileVersion": 3,
  "requires": true,
  "packages": {
    "": {
      "name": "iac33",
      "version": "0.2.0",
      "dependencies": {
        "react": "^18.3.1",
        "react-dom": "^18.3.1"
      },
      "devDependencies": {
        "@types/node": "^20.10.0",
        "@types/react": "^18.3.0",
        "@types/react-dom": "^18.3.0",
        "@vitejs/plugin-react": "^4.2.1",
        "typescript": "^5.3.3",
        "vite": "^5.0.8",
        "vitest": "^2.1.9"
      }
    }
  }
}
